
Microsoft Visual Studio Solution File, Format Version 12.00
# Visual Studio Version 17
VisualStudioVersion = 17.8.34330.188
MinimumVisualStudioVersion = 10.0.40219.1
Project("{FAE04EC0-301F-11D3-BF4B-00C04F79EFBC}") = "ZadanieIterowaniePoDanychWejsciowych", "ZadanieIterowaniePoDanychWejsciowych\ZadanieIterowaniePoDanychWejsciowych.csproj", "{04DB9ECF-5BBA-4C15-A948-5FAA31945039}"
EndProject
Global
	GlobalSection(SolutionConfigurationPlatforms) = preSolution
		Debug|Any CPU = Debug|Any CPU
		Release|Any CPU = Release|Any CPU
	EndGlobalSection
	GlobalSection(ProjectConfigurationPlatforms) = postSolution
		{04DB9ECF-5BBA-4C15-A948-5FAA31945039}.Debug|Any CPU.ActiveCfg = Debug|Any CPU
		{04DB9ECF-5BBA-4C15-A948-5FAA31945039}.Debug|Any CPU.Build.0 = Debug|Any CPU
		{04DB9ECF-5BBA-4C15-A948-5FAA31945039}.Release|Any CPU.ActiveCfg = Release|Any CPU
		{04DB9ECF-5BBA-4C15-A948-5FAA31945039}.Release|Any CPU.Build.0 = Release|Any CPU
	EndGlobalSection
	GlobalSection(SolutionProperties) = preSolution
		HideSolutionNode = FALSE
	EndGlobalSection
	GlobalSection(ExtensibilityGlobals) = postSolution
		SolutionGuid = {F35911A2-DB1B-4EA7-9AED-6C0D1380A6D4}
	EndGlobalSection
EndGlobal
